
Microsoft Visual Studio Solution File, Format Version 12.00
# Visual Studio Version 16
VisualStudioVersion = 16.0.31321.278
MinimumVisualStudioVersion = 10.0.40219.1
Project("{9A19103F-16F7-4668-BE54-9A1E7A4F7556}") = "Intro", "Intro\Intro.csproj", "{BA36589F-BF4A-4D22-8DDE-48D91E3132BB}"
EndProject
Project("{9A19103F-16F7-4668-BE54-9A1E7A4F7556}") = "SimpleObservables", "SimpleObservables\SimpleObservables.csproj", "{66BA0716-BAE8-4CAD-BD4E-45A68423138C}"
EndProject
Project("{9A19103F-16F7-4668-BE54-9A1E7A4F7556}") = "PlayWithRx", "PlayWithRx\PlayWithRx.csproj", "{2A408BD3-3871-4DA5-9C96-3EE25117963C}"
EndProject
Project("{9A19103F-16F7-4668-BE54-9A1E7A4F7556}") = "LiveSamples", "LiveSamples\LiveSamples.csproj", "{E41CF12F-4D7D-4F8F-A47A-7F73E1CC198C}"
EndProject
Project("{FAE04EC0-301F-11D3-BF4B-00C04F79EFBC}") = "Subjects", "Subjects\Subjects.csproj", "{29716546-98BF-4352-BF61-B9F1DFD23934}"
EndProject
Global
	GlobalSection(SolutionConfigurationPlatforms) = preSolution
		Debug|Any CPU = Debug|Any CPU
		Release|Any CPU = Release|Any CPU
	EndGlobalSection
	GlobalSection(ProjectConfigurationPlatforms) = postSolution
		{BA36589F-BF4A-4D22-8DDE-48D91E3132BB}.Debug|Any CPU.ActiveCfg = Debug|Any CPU
		{BA36589F-BF4A-4D22-8DDE-48D91E3132BB}.Debug|Any CPU.Build.0 = Debug|Any CPU
		{BA36589F-BF4A-4D22-8DDE-48D91E3132BB}.Release|Any CPU.ActiveCfg = Release|Any CPU
		{BA36589F-BF4A-4D22-8DDE-48D91E3132BB}.Release|Any CPU.Build.0 = Release|Any CPU
		{66BA0716-BAE8-4CAD-BD4E-45A68423138C}.Debug|Any CPU.ActiveCfg = Debug|Any CPU
		{66BA0716-BAE8-4CAD-BD4E-45A68423138C}.Debug|Any CPU.Build.0 = Debug|Any CPU
		{66BA0716-BAE8-4CAD-BD4E-45A68423138C}.Release|Any CPU.ActiveCfg = Release|Any CPU
		{66BA0716-BAE8-4CAD-BD4E-45A68423138C}.Release|Any CPU.Build.0 = Release|Any CPU
		{2A408BD3-3871-4DA5-9C96-3EE25117963C}.Debug|Any CPU.ActiveCfg = Debug|Any CPU
		{2A408BD3-3871-4DA5-9C96-3EE25117963C}.Debug|Any CPU.Build.0 = Debug|Any CPU
		{2A408BD3-3871-4DA5-9C96-3EE25117963C}.Release|Any CPU.ActiveCfg = Release|Any CPU
		{2A408BD3-3871-4DA5-9C96-3EE25117963C}.Release|Any CPU.Build.0 = Release|Any CPU
		{E41CF12F-4D7D-4F8F-A47A-7F73E1CC198C}.Debug|Any CPU.ActiveCfg = Debug|Any CPU
		{E41CF12F-4D7D-4F8F-A47A-7F73E1CC198C}.Debug|Any CPU.Build.0 = Debug|Any CPU
		{E41CF12F-4D7D-4F8F-A47A-7F73E1CC198C}.Release|Any CPU.ActiveCfg = Release|Any CPU
		{E41CF12F-4D7D-4F8F-A47A-7F73E1CC198C}.Release|Any CPU.Build.0 = Release|Any CPU
		{29716546-98BF-4352-BF61-B9F1DFD23934}.Debug|Any CPU.ActiveCfg = Debug|Any CPU
		{29716546-98BF-4352-BF61-B9F1DFD23934}.Debug|Any CPU.Build.0 = Debug|Any CPU
		{29716546-98BF-4352-BF61-B9F1DFD23934}.Release|Any CPU.ActiveCfg = Release|Any CPU
		{29716546-98BF-4352-BF61-B9F1DFD23934}.Release|Any CPU.Build.0 = Release|Any CPU
	EndGlobalSection
	GlobalSection(SolutionProperties) = preSolution
		HideSolutionNode = FALSE
	EndGlobalSection
	GlobalSection(ExtensibilityGlobals) = postSolution
		SolutionGuid = {B066AB1F-BD55-4B1B-847B-C287AB44E2AA}
	EndGlobalSection
EndGlobal
